<?xml version="1.0" encoding="utf-8"?>
<Project ToolsVersion="4.0" xmlns="http://schemas.microsoft.com/developer/msbuild/2003">
  <ItemGroup>
    <Filter Include="Header Files">
      <UniqueIdentifier>{8ca8a643-fe23-4aa6-ad0b-e26c26614622}</UniqueIdentifier>
    </Filter>
    <Filter Include="Source Files">
      <UniqueIdentifier>{3a5398ae-98df-4efe-ab84-79ccf85cee03}</UniqueIdentifier>
    </Filter>
    <Filter Include="TwinCAT UM Files">
      <UniqueIdentifier>{2876f629-f6f8-478f-bc30-ea26e361c926}</UniqueIdentifier>
    </Filter>
    <Filter Include="TwinCAT RT Files">
      <UniqueIdentifier>{e630f2f9-1b46-4396-9413-3a5c11c9cd92}</UniqueIdentifier>
    </Filter>
    <Filter Include="TwinCAT OS Files">
      <UniqueIdentifier>{f5ca5d28-288f-415e-82a4-d2d3134853b9}</UniqueIdentifier>
    </Filter>
    <Filter Include="TMC Files">
      <UniqueIdentifier>{30d6eb18-821e-4e98-8c17-de18ff0de439}</UniqueIdentifier>
    </Filter>
  </ItemGroup>
  <ItemGroup>
    <ClInclude Include="Resource.h">
      <Filter>TwinCAT UM Files</Filter>
    </ClInclude>
    <ClInclude Include="TcPch.h">
      <Filter>Header Files</Filter>
    </ClInclude>
    <ClInclude Include="EncoderVelocityTestingClassFactory.h">
      <Filter>Header Files</Filter>
    </ClInclude>
    <ClInclude Include="EncoderVelocityTestingInterfaces.h">
      <Filter>Header Files</Filter>
    </ClInclude>
    <ClInclude Include="EncoderVelocityTestingServices.h">
      <Filter>Header Files</Filter>
    </ClInclude>
    <ClInclude Include="EncoderVelocityTestingCtrl.h">
      <Filter>TwinCAT UM Files</Filter>
    </ClInclude>
    <ClInclude Include="EncoderVelocityTestingDriver.h">
      <Filter>TwinCAT RT Files</Filter>
    </ClInclude>
    <ClInclude Include="Module.h">
      <Filter>Header Files</Filter>
    </ClInclude>
  </ItemGroup>
  <ItemGroup>
    <ClCompile Include="TcPch.cpp">
      <Filter>Source Files</Filter>
    </ClCompile>
    <ClCompile Include="EncoderVelocityTestingClassFactory.cpp">
      <Filter>Source Files</Filter>
    </ClCompile>
    <ClCompile Include="EncoderVelocityTestingCtrl.cpp">
      <Filter>TwinCAT UM Files</Filter>
    </ClCompile>
    <ClCompile Include="EncoderVelocityTestingW32.cpp">
      <Filter>TwinCAT UM Files</Filter>
    </ClCompile>
    <ClCompile Include="EncoderVelocityTestingDriver.cpp">
      <Filter>TwinCAT RT Files</Filter>
    </ClCompile>
    <ClCompile Include="EncoderVelocityTestingMain.cpp">
      <Filter>TwinCAT OS Files</Filter>
    </ClCompile>
    <ClCompile Include="Module.cpp">
      <Filter>Source Files</Filter>
    </ClCompile>
  </ItemGroup>
  <ItemGroup>
    <ResourceCompile Include="EncoderVelocityTesting.rc">
      <Filter>Source Files</Filter>
    </ResourceCompile>
    <ResourceCompile Include="EncoderVelocityTestingW32.rc">
      <Filter>TwinCAT UM Files</Filter>
    </ResourceCompile>
  </ItemGroup>
  <ItemGroup>
    <None Include="EncoderVelocityTestingW32.def">
      <Filter>TwinCAT UM Files</Filter>
    </None>
    <None Include="EncoderVelocityTesting.tmc">
      <Filter>TMC Files</Filter>
    </None>
  </ItemGroup>
  <ItemGroup>
    <Midl Include="EncoderVelocityTestingW32.idl">
      <Filter>TwinCAT UM Files</Filter>
    </Midl>
  </ItemGroup>
</Project>